
Microsoft Visual Studio Solution File, Format Version 12.00
# Visual Studio Version 17
VisualStudioVersion = 17.5.002.0
MinimumVisualStudioVersion = 10.0.40219.1
Project("{9A19103F-16F7-4668-BE54-9A1E7A4F7556}") = "ExoApi", "ExoApi.csproj", "{87DD8D06-4EF9-419F-AFF9-6C4F674B54CF}"
EndProject
Global
	GlobalSection(SolutionConfigurationPlatforms) = preSolution
		Debug|Any CPU = Debug|Any CPU
		Release|Any CPU = Release|Any CPU
	EndGlobalSection
	GlobalSection(ProjectConfigurationPlatforms) = postSolution
		{87DD8D06-4EF9-419F-AFF9-6C4F674B54CF}.Debug|Any CPU.ActiveCfg = Debug|Any CPU
		{87DD8D06-4EF9-419F-AFF9-6C4F674B54CF}.Debug|Any CPU.Build.0 = Debug|Any CPU
		{87DD8D06-4EF9-419F-AFF9-6C4F674B54CF}.Release|Any CPU.ActiveCfg = Release|Any CPU
		{87DD8D06-4EF9-419F-AFF9-6C4F674B54CF}.Release|Any CPU.Build.0 = Release|Any CPU
	EndGlobalSection
	GlobalSection(SolutionProperties) = preSolution
		HideSolutionNode = FALSE
	EndGlobalSection
	GlobalSection(ExtensibilityGlobals) = postSolution
		SolutionGuid = {C68F059B-F014-4588-B3CE-958F34C19A2D}
	EndGlobalSection
EndGlobal
